<?xml version="1.0" encoding="UTF-8" standalone="yes" ?>
<CodeBlocks_project_file>
	<FileVersion major="1" minor="6" />
	<Project>
		<Option title="pkmt-v0" />
		<Option pch_mode="2" />
		<Option compiler="gcc" />
		<Build>
			<Target title="Debug">
				<Option output="bin/Debug/pkmt-v0" prefix_auto="1" extension_auto="1" />
				<Option object_output="obj/Debug/" />
				<Option type="1" />
				<Option compiler="gcc" />
				<Compiler>
					<Add option="-g" />
					<Add option="-DOCTETOS_PKMT_V0_TDD" />
					<Add option="-DOCTETOS_PKMT_V0_TDD_PERFORMANCE" />
				</Compiler>
			</Target>
			<Target title="Release">
				<Option output="bin/Release/pkmt-v0" prefix_auto="1" extension_auto="1" />
				<Option object_output="obj/Release/" />
				<Option type="1" />
				<Option compiler="gcc" />
				<Compiler>
					<Add option="-O2" />
				</Compiler>
				<Linker>
					<Add option="-s" />
				</Linker>
			</Target>
		</Build>
		<Compiler>
			<Add option="-Wall -std=c++20 -pedantic" />
			<Add directory="../../octetos" />
		</Compiler>
		<Linker>
			<Add option="`pkg-config libconfig++-dev --libs&apos; `pkg-config libcurl --libs&apos;" />
		</Linker>
		<Unit filename="0/Package.cc" />
		<Unit filename="0/Package.hh" />
		<Unit filename="tests/main.cc" />
		<Unit filename="tests/v0.cc" />
		<Unit filename="tests/v0.hh" />
		<Extensions />
	</Project>
</CodeBlocks_project_file>
